
Microsoft Visual Studio Solution File, Format Version 12.00
# Visual Studio Version 17
VisualStudioVersion = 17.1.32210.238
MinimumVisualStudioVersion = 10.0.40219.1
Project("{FAE04EC0-301F-11D3-BF4B-00C04F79EFBC}") = "App1.Android", "App1\App1.Android\App1.Android.csproj", "{9E590496-0A25-4818-839F-90A360DB2BBB}"
EndProject
Project("{FAE04EC0-301F-11D3-BF4B-00C04F79EFBC}") = "App1.iOS", "App1\App1.iOS\App1.iOS.csproj", "{C669C5A3-35F8-47A0-86F1-88C0044273E2}"
EndProject
Project("{FAE04EC0-301F-11D3-BF4B-00C04F79EFBC}") = "App1", "App1\App1\App1.csproj", "{4480C9C7-940D-48D6-8F26-D0DB04410C3C}"
EndProject
Global
	GlobalSection(SolutionConfigurationPlatforms) = preSolution
		Debug|Any CPU = Debug|Any CPU
		Debug|iPhone = Debug|iPhone
		Debug|iPhoneSimulator = Debug|iPhoneSimulator
		Release|Any CPU = Release|Any CPU
		Release|iPhone = Release|iPhone
		Release|iPhoneSimulator = Release|iPhoneSimulator
	EndGlobalSection
	GlobalSection(ProjectConfigurationPlatforms) = postSolution
		{9E590496-0A25-4818-839F-90A360DB2BBB}.Debug|Any CPU.ActiveCfg = Debug|Any CPU
		{9E590496-0A25-4818-839F-90A360DB2BBB}.Debug|Any CPU.Build.0 = Debug|Any CPU
		{9E590496-0A25-4818-839F-90A360DB2BBB}.Debug|Any CPU.Deploy.0 = Debug|Any CPU
		{9E590496-0A25-4818-839F-90A360DB2BBB}.Debug|iPhone.ActiveCfg = Debug|Any CPU
		{9E590496-0A25-4818-839F-90A360DB2BBB}.Debug|iPhone.Build.0 = Debug|Any CPU
		{9E590496-0A25-4818-839F-90A360DB2BBB}.Debug|iPhone.Deploy.0 = Debug|Any CPU
		{9E590496-0A25-4818-839F-90A360DB2BBB}.Debug|iPhoneSimulator.ActiveCfg = Debug|Any CPU
		{9E590496-0A25-4818-839F-90A360DB2BBB}.Debug|iPhoneSimulator.Build.0 = Debug|Any CPU
		{9E590496-0A25-4818-839F-90A360DB2BBB}.Debug|iPhoneSimulator.Deploy.0 = Debug|Any CPU
		{9E590496-0A25-4818-839F-90A360DB2BBB}.Release|Any CPU.ActiveCfg = Release|Any CPU
		{9E590496-0A25-4818-839F-90A360DB2BBB}.Release|Any CPU.Build.0 = Release|Any CPU
		{9E590496-0A25-4818-839F-90A360DB2BBB}.Release|Any CPU.Deploy.0 = Release|Any CPU
		{9E590496-0A25-4818-839F-90A360DB2BBB}.Release|iPhone.ActiveCfg = Release|Any CPU
		{9E590496-0A25-4818-839F-90A360DB2BBB}.Release|iPhone.Build.0 = Release|Any CPU
		{9E590496-0A25-4818-839F-90A360DB2BBB}.Release|iPhone.Deploy.0 = Release|Any CPU
		{9E590496-0A25-4818-839F-90A360DB2BBB}.Release|iPhoneSimulator.ActiveCfg = Release|Any CPU
		{9E590496-0A25-4818-839F-90A360DB2BBB}.Release|iPhoneSimulator.Build.0 = Release|Any CPU
		{9E590496-0A25-4818-839F-90A360DB2BBB}.Release|iPhoneSimulator.Deploy.0 = Release|Any CPU
		{C669C5A3-35F8-47A0-86F1-88C0044273E2}.Debug|Any CPU.ActiveCfg = Debug|iPhone
		{C669C5A3-35F8-47A0-86F1-88C0044273E2}.Debug|Any CPU.Build.0 = Debug|iPhone
		{C669C5A3-35F8-47A0-86F1-88C0044273E2}.Debug|Any CPU.Deploy.0 = Debug|iPhone
		{C669C5A3-35F8-47A0-86F1-88C0044273E2}.Debug|iPhone.ActiveCfg = Debug|iPhone
		{C669C5A3-35F8-47A0-86F1-88C0044273E2}.Debug|iPhone.Build.0 = Debug|iPhone
		{C669C5A3-35F8-47A0-86F1-88C0044273E2}.Debug|iPhone.Deploy.0 = Debug|iPhone
		{C669C5A3-35F8-47A0-86F1-88C0044273E2}.Debug|iPhoneSimulator.ActiveCfg = Debug|iPhoneSimulator
		{C669C5A3-35F8-47A0-86F1-88C0044273E2}.Debug|iPhoneSimulator.Build.0 = Debug|iPhoneSimulator
		{C669C5A3-35F8-47A0-86F1-88C0044273E2}.Debug|iPhoneSimulator.Deploy.0 = Debug|iPhoneSimulator
		{C669C5A3-35F8-47A0-86F1-88C0044273E2}.Release|Any CPU.ActiveCfg = Release|iPhoneSimulator
		{C669C5A3-35F8-47A0-86F1-88C0044273E2}.Release|Any CPU.Build.0 = Release|iPhoneSimulator
		{C669C5A3-35F8-47A0-86F1-88C0044273E2}.Release|Any CPU.Deploy.0 = Release|iPhoneSimulator
		{C669C5A3-35F8-47A0-86F1-88C0044273E2}.Release|iPhone.ActiveCfg = Release|iPhone
		{C669C5A3-35F8-47A0-86F1-88C0044273E2}.Release|iPhone.Build.0 = Release|iPhone
		{C669C5A3-35F8-47A0-86F1-88C0044273E2}.Release|iPhone.Deploy.0 = Release|iPhone
		{C669C5A3-35F8-47A0-86F1-88C0044273E2}.Release|iPhoneSimulator.ActiveCfg = Release|iPhoneSimulator
		{C669C5A3-35F8-47A0-86F1-88C0044273E2}.Release|iPhoneSimulator.Build.0 = Release|iPhoneSimulator
		{C669C5A3-35F8-47A0-86F1-88C0044273E2}.Release|iPhoneSimulator.Deploy.0 = Release|iPhoneSimulator
		{4480C9C7-940D-48D6-8F26-D0DB04410C3C}.Debug|Any CPU.ActiveCfg = Debug|Any CPU
		{4480C9C7-940D-48D6-8F26-D0DB04410C3C}.Debug|Any CPU.Build.0 = Debug|Any CPU
		{4480C9C7-940D-48D6-8F26-D0DB04410C3C}.Debug|Any CPU.Deploy.0 = Debug|Any CPU
		{4480C9C7-940D-48D6-8F26-D0DB04410C3C}.Debug|iPhone.ActiveCfg = Debug|Any CPU
		{4480C9C7-940D-48D6-8F26-D0DB04410C3C}.Debug|iPhone.Build.0 = Debug|Any CPU
		{4480C9C7-940D-48D6-8F26-D0DB04410C3C}.Debug|iPhone.Deploy.0 = Debug|Any CPU
		{4480C9C7-940D-48D6-8F26-D0DB04410C3C}.Debug|iPhoneSimulator.ActiveCfg = Debug|Any CPU
		{4480C9C7-940D-48D6-8F26-D0DB04410C3C}.Debug|iPhoneSimulator.Build.0 = Debug|Any CPU
		{4480C9C7-940D-48D6-8F26-D0DB04410C3C}.Debug|iPhoneSimulator.Deploy.0 = Debug|Any CPU
		{4480C9C7-940D-48D6-8F26-D0DB04410C3C}.Release|Any CPU.ActiveCfg = Release|Any CPU
		{4480C9C7-940D-48D6-8F26-D0DB04410C3C}.Release|Any CPU.Build.0 = Release|Any CPU
		{4480C9C7-940D-48D6-8F26-D0DB04410C3C}.Release|Any CPU.Deploy.0 = Release|Any CPU
		{4480C9C7-940D-48D6-8F26-D0DB04410C3C}.Release|iPhone.ActiveCfg = Release|Any CPU
		{4480C9C7-940D-48D6-8F26-D0DB04410C3C}.Release|iPhone.Build.0 = Release|Any CPU
		{4480C9C7-940D-48D6-8F26-D0DB04410C3C}.Release|iPhone.Deploy.0 = Release|Any CPU
		{4480C9C7-940D-48D6-8F26-D0DB04410C3C}.Release|iPhoneSimulator.ActiveCfg = Release|Any CPU
		{4480C9C7-940D-48D6-8F26-D0DB04410C3C}.Release|iPhoneSimulator.Build.0 = Release|Any CPU
		{4480C9C7-940D-48D6-8F26-D0DB04410C3C}.Release|iPhoneSimulator.Deploy.0 = Release|Any CPU
	EndGlobalSection
	GlobalSection(SolutionProperties) = preSolution
		HideSolutionNode = FALSE
	EndGlobalSection
	GlobalSection(ExtensibilityGlobals) = postSolution
		SolutionGuid = {73B55BC3-8A62-481A-99C8-5F480E9EBE9E}
	EndGlobalSection
EndGlobal
